
Microsoft Visual Studio Solution File, Format Version 12.00
# Visual Studio 15
VisualStudioVersion = 15.0.27130.2036
MinimumVisualStudioVersion = 10.0.40219.1
Project("{888888A0-9F3D-457C-B088-3A5042F75D52}") = "sec_news_scrapy", "sec_news_scrapy.pyproj", "{CB133731-CB93-4D06-B0CF-F51BF4EE8AEB}"
EndProject
Global
	GlobalSection(SolutionConfigurationPlatforms) = preSolution
		Debug|Any CPU = Debug|Any CPU
		Release|Any CPU = Release|Any CPU
	EndGlobalSection
	GlobalSection(ProjectConfigurationPlatforms) = postSolution
		{CB133731-CB93-4D06-B0CF-F51BF4EE8AEB}.Debug|Any CPU.ActiveCfg = Debug|Any CPU
		{CB133731-CB93-4D06-B0CF-F51BF4EE8AEB}.Release|Any CPU.ActiveCfg = Release|Any CPU
	EndGlobalSection
	GlobalSection(SolutionProperties) = preSolution
		HideSolutionNode = FALSE
	EndGlobalSection
	GlobalSection(ExtensibilityGlobals) = postSolution
		SolutionGuid = {98B7FA13-846D-474C-9CB7-0A40AABE7F41}
	EndGlobalSection
EndGlobal
